
Microsoft Visual Studio Solution File, Format Version 12.00
Project("{FAE04EC0-301F-11D3-BF4B-00C04F79EFBC}") = "BuildEngineMapReader", "BuildEngineMapReader\BuildEngineMapReader.csproj", "{92368128-38EE-4521-83BC-B04BD01F3996}"
EndProject
Project("{FAE04EC0-301F-11D3-BF4B-00C04F79EFBC}") = "BuildEngineMapReaderTests", "BuildEngineMapReaderTests\BuildEngineMapReaderTests.csproj", "{0CB54779-D01D-468B-9DDB-594FFBBD97B2}"
EndProject
Global
	GlobalSection(SolutionConfigurationPlatforms) = preSolution
		Debug|Any CPU = Debug|Any CPU
		Release|Any CPU = Release|Any CPU
	EndGlobalSection
	GlobalSection(ProjectConfigurationPlatforms) = postSolution
		{92368128-38EE-4521-83BC-B04BD01F3996}.Debug|Any CPU.ActiveCfg = Debug|Any CPU
		{92368128-38EE-4521-83BC-B04BD01F3996}.Debug|Any CPU.Build.0 = Debug|Any CPU
		{92368128-38EE-4521-83BC-B04BD01F3996}.Release|Any CPU.ActiveCfg = Release|Any CPU
		{92368128-38EE-4521-83BC-B04BD01F3996}.Release|Any CPU.Build.0 = Release|Any CPU
		{0CB54779-D01D-468B-9DDB-594FFBBD97B2}.Debug|Any CPU.ActiveCfg = Debug|Any CPU
		{0CB54779-D01D-468B-9DDB-594FFBBD97B2}.Debug|Any CPU.Build.0 = Debug|Any CPU
		{0CB54779-D01D-468B-9DDB-594FFBBD97B2}.Release|Any CPU.ActiveCfg = Release|Any CPU
		{0CB54779-D01D-468B-9DDB-594FFBBD97B2}.Release|Any CPU.Build.0 = Release|Any CPU
	EndGlobalSection
EndGlobal
